
Microsoft Visual Studio Solution File, Format Version 12.00
# Visual Studio Version 16
VisualStudioVersion = 25.0.1706.5
MinimumVisualStudioVersion = 10.0.40219.1
Project("{FAE04EC0-301F-11D3-BF4B-00C04F79EFBC}") = "MiniApi", "MiniApi.csproj", "{95480BB7-5477-4DC9-AF31-153614F69FBF}"
EndProject
Project("{FAE04EC0-301F-11D3-BF4B-00C04F79EFBC}") = "Shared", "..\Shared\Shared.csproj", "{53D89D45-9918-4508-9168-8E63DBF48893}"
EndProject
Global
	GlobalSection(SolutionConfigurationPlatforms) = preSolution
		Debug|Any CPU = Debug|Any CPU
		Release|Any CPU = Release|Any CPU
	EndGlobalSection
	GlobalSection(ProjectConfigurationPlatforms) = postSolution
		{95480BB7-5477-4DC9-AF31-153614F69FBF}.Debug|Any CPU.ActiveCfg = Debug|Any CPU
		{95480BB7-5477-4DC9-AF31-153614F69FBF}.Debug|Any CPU.Build.0 = Debug|Any CPU
		{95480BB7-5477-4DC9-AF31-153614F69FBF}.Release|Any CPU.ActiveCfg = Release|Any CPU
		{95480BB7-5477-4DC9-AF31-153614F69FBF}.Release|Any CPU.Build.0 = Release|Any CPU
		{53D89D45-9918-4508-9168-8E63DBF48893}.Debug|Any CPU.ActiveCfg = Debug|Any CPU
		{53D89D45-9918-4508-9168-8E63DBF48893}.Debug|Any CPU.Build.0 = Debug|Any CPU
		{53D89D45-9918-4508-9168-8E63DBF48893}.Release|Any CPU.ActiveCfg = Release|Any CPU
		{53D89D45-9918-4508-9168-8E63DBF48893}.Release|Any CPU.Build.0 = Release|Any CPU
	EndGlobalSection
	GlobalSection(SolutionProperties) = preSolution
		HideSolutionNode = FALSE
	EndGlobalSection
	GlobalSection(ExtensibilityGlobals) = postSolution
		SolutionGuid = {A077F2EC-E7CA-4A19-B3B3-4D2A4D31462D}
	EndGlobalSection
EndGlobal
